Microsoft Visual Studio Solution File, Format Version 12.00
# Visual Studio Version 17
VisualStudioVersion = 17.5.2.0
MinimumVisualStudioVersion = 10.0.40219.1
Project("{FAE04EC0-301F-11D3-BF4B-00C04F79EFBC}") = "ProjetoFInal", "ProjetoFInal.csproj", "{D1AC8C08-ECD8-98D3-FC5A-C05C081C9354}"
EndProject
Global
	GlobalSection(SolutionConfigurationPlatforms) = preSolution
		Debug|Any CPU = Debug|Any CPU
		Release|Any CPU = Release|Any CPU
	EndGlobalSection
	GlobalSection(ProjectConfigurationPlatforms) = postSolution
		{D1AC8C08-ECD8-98D3-FC5A-C05C081C9354}.Debug|Any CPU.ActiveCfg = Debug|Any CPU
		{D1AC8C08-ECD8-98D3-FC5A-C05C081C9354}.Debug|Any CPU.Build.0 = Debug|Any CPU
		{D1AC8C08-ECD8-98D3-FC5A-C05C081C9354}.Release|Any CPU.ActiveCfg = Release|Any CPU
		{D1AC8C08-ECD8-98D3-FC5A-C05C081C9354}.Release|Any CPU.Build.0 = Release|Any CPU
	EndGlobalSection
	GlobalSection(SolutionProperties) = preSolution
		HideSolutionNode = FALSE
	EndGlobalSection
	GlobalSection(ExtensibilityGlobals) = postSolution
		SolutionGuid = {CC3800E0-3D4F-40D4-AF33-CBFDDACD0BA1}
	EndGlobalSection
EndGlobal
